# Generated by conda-lock.
# platform: osx-arm64
# input_hash: 1ac90b5289b10ed7917bab12e1f9f38925e264404538b84558fbc5fbb7f53fe7
@EXPLICIT
https://conda.anaconda.org/conda-forge/osx-arm64/aws-c-common-0.8.17-hb547adb_0.conda#53c49c556772e61ebcd4e0b39c8b7432
https://conda.anaconda.org/conda-forge/osx-arm64/bzip2-1.0.8-h3422bc3_4.tar.bz2#fc76ace7b94fb1f694988ab1b14dd248
https://conda.anaconda.org/conda-forge/osx-arm64/c-ares-1.20.1-h93a5062_0.conda#ff730651c34139afe7d29e3e8b8481e2
https://conda.anaconda.org/conda-forge/osx-arm64/ca-certificates-2023.7.22-hf0a4a13_0.conda#e1b99ac4dbcee71a71682996f67f7965
https://conda.anaconda.org/conda-forge/osx-arm64/icu-73.2-hc8870d7_0.conda#8521bd47c0e11c5902535bb1a17c565f
https://conda.anaconda.org/conda-forge/osx-arm64/libbrotlicommon-1.0.9-h1a8c8d9_9.conda#82354022c67480c61419b6e47377af89
https://conda.anaconda.org/conda-forge/osx-arm64/libcxx-16.0.6-h4653b0c_0.conda#9d7d724faf0413bf1dbc5a85935700c8
https://conda.anaconda.org/conda-forge/osx-arm64/libdeflate-1.19-hb547adb_0.conda#f8c1eb0e99e90b55965c6558578537cc
https://conda.anaconda.org/conda-forge/osx-arm64/libev-4.33-h642e427_1.tar.bz2#566dbf70fe79eacdb3c3d3d195a27f55
https://conda.anaconda.org/conda-forge/osx-arm64/libffi-3.4.2-h3422bc3_5.tar.bz2#086914b672be056eb70fd4285b6783b6
https://conda.anaconda.org/conda-forge/osx-arm64/libiconv-1.17-he4db4b2_0.tar.bz2#686f9c755574aa221f29fbcf36a67265
https://conda.anaconda.org/conda-forge/osx-arm64/libjpeg-turbo-3.0.0-hb547adb_1.conda#3ff1e053dc3a2b8e36b9bfa4256a58d1
https://conda.anaconda.org/conda-forge/osx-arm64/libsodium-1.0.18-h27ca646_1.tar.bz2#90859688dbca4735b74c02af14c4c793
https://conda.anaconda.org/conda-forge/osx-arm64/libutf8proc-2.8.0-h1a8c8d9_0.tar.bz2#f8c9c41a122ab3abdf8943b13f4957ee
https://conda.anaconda.org/conda-forge/osx-arm64/libwebp-base-1.3.2-hb547adb_0.conda#85dbc11098cdbe4244cd73f29a3ab795
https://conda.anaconda.org/conda-forge/osx-arm64/libzlib-1.2.13-h53f4e23_5.conda#1a47f5236db2e06a320ffa0392f81bd8
https://conda.anaconda.org/conda-forge/osx-arm64/llvm-openmp-17.0.2-h1c12783_0.conda#cc2d5e802daf2135a1eaa5983ee47827
https://conda.anaconda.org/conda-forge/osx-arm64/ncurses-6.4-h7ea286d_0.conda#318337fb9d0c53ba635efb7888242373
https://conda.anaconda.org/conda-forge/osx-arm64/pandoc-3.1.3-hce30654_0.conda#7edcc75acdac60dba441b229c0ec66ee
https://conda.anaconda.org/conda-forge/osx-arm64/pthread-stubs-0.4-h27ca646_1001.tar.bz2#d3f26c6494d4105d4ecb85203d687102
https://conda.anaconda.org/conda-forge/osx-arm64/python_abi-3.9-4_cp39.conda#be9e11a37bbab9cfdbcb36e52d8d73cb
https://conda.anaconda.org/conda-forge/noarch/tzdata-2023c-h71feb2d_0.conda#939e3e74d8be4dac89ce83b20de2492a
https://conda.anaconda.org/conda-forge/osx-arm64/xorg-libxau-1.0.11-hb547adb_0.conda#ca73dc4f01ea91e44e3ed76602c5ea61
https://conda.anaconda.org/conda-forge/osx-arm64/xorg-libxdmcp-1.1.3-h27ca646_0.tar.bz2#6738b13f7fadc18725965abdd4129c36
https://conda.anaconda.org/conda-forge/osx-arm64/xz-5.2.6-h57fd34a_0.tar.bz2#39c6b54e94014701dd157f4f576ed211
https://conda.anaconda.org/conda-forge/osx-arm64/yaml-0.2.5-h3422bc3_2.tar.bz2#4bb3f014845110883a3c5ee811fd84b4
https://conda.anaconda.org/conda-forge/osx-arm64/aws-c-compression-0.2.16-h7a7fafa_6.conda#e57fd44f7b3d9cfc4f6cb565c7669ca1
https://conda.anaconda.org/conda-forge/osx-arm64/aws-c-sdkutils-0.1.9-h7a7fafa_1.conda#c30aaa8e5cb99a2627bd7ba7d9d4bbfe
https://conda.anaconda.org/conda-forge/osx-arm64/aws-checksums-0.1.14-h7a7fafa_6.conda#2ae79232986d95e61b6966f656197011
https://conda.anaconda.org/conda-forge/osx-arm64/brotli-1.0.9-hbdafb3b_4.tar.bz2#8469599d1a3bc1f502b368f1a98a4a85
https://conda.anaconda.org/conda-forge/osx-arm64/gflags-2.2.2-hc88da5d_1004.tar.bz2#aab9ddfad863e9ef81229a1f8852211b
https://conda.anaconda.org/conda-forge/osx-arm64/gmp-6.2.1-h9f76cd9_0.tar.bz2#f8140773b6ca51bf32feec9b4290a8c5
https://conda.anaconda.org/conda-forge/osx-arm64/lerc-4.0.0-h9a09cb3_0.tar.bz2#de462d5aacda3b30721b512c5da4e742
https://conda.anaconda.org/conda-forge/osx-arm64/libabseil-20230125.3-cxx17_h13dd4ca_0.conda#e9edfc273c30153b3427332e90110422
https://conda.anaconda.org/conda-forge/osx-arm64/libaec-1.1.2-h13dd4ca_1.conda#b7962cdc2cedcc9f8d12928824c11fbd
https://conda.anaconda.org/conda-forge/osx-arm64/libbrotlidec-1.0.9-h1a8c8d9_9.conda#af03c66e8cb688221bdc9e2b0faaa2bf
https://conda.anaconda.org/conda-forge/osx-arm64/libbrotlienc-1.0.9-h1a8c8d9_9.conda#8231f81e72b1113eb2ed8d2586c82691
https://conda.anaconda.org/conda-forge/osx-arm64/libcrc32c-1.1.2-hbdafb3b_0.tar.bz2#32bd82a6a625ea6ce090a81c3d34edeb
https://conda.anaconda.org/conda-forge/osx-arm64/libedit-3.1.20191231-hc8eb9b7_2.tar.bz2#30e4362988a2623e9eb34337b83e01f9
https://conda.anaconda.org/conda-forge/osx-arm64/libgfortran5-13.2.0-hf226fd6_1.conda#4480d71b98c87faafab132d33e23135e
https://conda.anaconda.org/conda-forge/osx-arm64/libllvm14-14.0.6-hd1a9a77_4.conda#9f3dce5d26ea56a9000cd74c034582bd
https://conda.anaconda.org/conda-forge/osx-arm64/libpng-1.6.39-h76d750c_0.conda#0078e6327c13cfdeae6ff7601e360383
https://conda.anaconda.org/conda-forge/osx-arm64/libprotobuf-3.21.12-ha614eb4_2.conda#440548f3f8e573a427553ee877c5f6c3
https://conda.anaconda.org/conda-forge/osx-arm64/libsqlite-3.43.2-h091b4b1_0.conda#1d8208ba1b6a8c61431e77dc4e5c8fb9
https://conda.anaconda.org/conda-forge/osx-arm64/libxcb-1.15-hf346824_0.conda#988d5f86ab60fa6de91b3ee3a88a3af9
https://conda.anaconda.org/conda-forge/osx-arm64/libxml2-2.11.5-h25269f3_1.conda#627b5d1377536b5b632ba53cd1455555
https://conda.anaconda.org/conda-forge/osx-arm64/lz4-c-1.9.4-hb7217d7_0.conda#45505bec548634f7d05e02fb25262cb9
https://conda.anaconda.org/conda-forge/osx-arm64/openssl-3.1.3-h53f4e23_0.conda#40d01d3f39589f54b618ddd28a5a48cb
https://conda.anaconda.org/conda-forge/osx-arm64/re2-2023.03.02-hc5e2d97_0.conda#7a851c0ab05247e3246eca2c3b243b9a
https://conda.anaconda.org/conda-forge/osx-arm64/readline-8.2-h92ec313_1.conda#8cbb776a2f641b943d413b3e19df71f4
https://conda.anaconda.org/conda-forge/osx-arm64/snappy-1.1.10-h17c5cce_0.conda#ac82a611d1a67a598096ebaa857198e3
https://conda.anaconda.org/conda-forge/osx-arm64/tbb-2021.10.0-h1995070_1.conda#d1ca2b0d476d437cc46e55598cbb1d5f
https://conda.anaconda.org/conda-forge/osx-arm64/tk-8.6.13-hb31c410_0.conda#aa913a828b65f30ee3aba9c59bb0b514
https://conda.anaconda.org/conda-forge/osx-arm64/zeromq-4.3.5-h965bd2d_0.conda#f460bbcb0ec8dc77989288fe8caa0f84
https://conda.anaconda.org/conda-forge/osx-arm64/zlib-1.2.13-h53f4e23_5.conda#a08383f223b10b71492d27566fafbf6c
https://conda.anaconda.org/conda-forge/osx-arm64/zstd-1.5.5-h4f39d0f_0.conda#5b212cfb7f9d71d603ad891879dc7933
https://conda.anaconda.org/conda-forge/osx-arm64/aws-c-cal-0.5.26-h9c01cc2_0.conda#46d128c2c3f04cbf4f2c7a0ba568763b
https://conda.anaconda.org/conda-forge/osx-arm64/freetype-2.12.1-hadb7bae_2.conda#e6085e516a3e304ce41a8ee08b9b89ad
https://conda.anaconda.org/conda-forge/osx-arm64/glog-0.6.0-h6da1cb0_0.tar.bz2#5a570729c7709399cf8511aeeda6f989
https://conda.anaconda.org/conda-forge/osx-arm64/glpk-5.0-h6d7a090_0.tar.bz2#02b868940101a06a6365c109ab1a94fe
https://conda.anaconda.org/conda-forge/osx-arm64/krb5-1.21.2-h92f50d5_0.conda#92f1cff174a538e0722bf2efb16fc0b2
https://conda.anaconda.org/conda-forge/osx-arm64/libevent-2.1.12-h2757513_1.conda#1a109764bff3bdc7bdd84088347d71dc
https://conda.anaconda.org/conda-forge/osx-arm64/libgfortran-5.0.0-13_2_0_hd922786_1.conda#1ad37a5c60c250bb2b4a9f75563e181c
https://conda.anaconda.org/conda-forge/osx-arm64/libgrpc-1.54.3-h0a338ca_0.conda#181d9f230758e567c2a5c947ecc5c813
https://conda.anaconda.org/conda-forge/osx-arm64/libnghttp2-1.52.0-hae82a92_0.conda#1d319e95a0216f801293626a00337712
https://conda.anaconda.org/conda-forge/osx-arm64/libssh2-1.11.0-h7a5bd25_0.conda#029f7dc931a3b626b94823bc77830b01
https://conda.anaconda.org/conda-forge/osx-arm64/libtiff-4.6.0-ha8a6c65_2.conda#596d6d949bab9a75a492d451f521f457
https://conda.anaconda.org/conda-forge/osx-arm64/mpfr-4.2.0-he09a6ba_0.conda#6ec2fb83ce146e5bc944020027d6c9e4
https://conda.anaconda.org/conda-forge/osx-arm64/orc-1.8.3-ha98e9e8_1.conda#804dc8e892abffeff954f2865ffb511a
https://conda.anaconda.org/conda-forge/osx-arm64/python-3.9.18-hfa1ae8a_0_cpython.conda#7672472bbab6419a1211403e7c041116
https://conda.anaconda.org/conda-forge/noarch/appdirs-1.4.4-pyh9f0ad1d_0.tar.bz2#5f095bc6454094e96f146491fd03633b
https://conda.anaconda.org/conda-forge/noarch/appnope-0.1.3-pyhd8ed1ab_0.tar.bz2#54ac328d703bff191256ffa1183126d1
https://conda.anaconda.org/conda-forge/noarch/array-api-compat-1.4-pyhd8ed1ab_0.conda#074126c948c25ddcb8298ec8685a7f3d
https://conda.anaconda.org/conda-forge/noarch/attrs-23.1.0-pyh71513ae_1.conda#3edfead7cedd1ab4400a6c588f3e75f8
https://conda.anaconda.org/conda-forge/osx-arm64/aws-c-io-0.13.21-hc2875bd_4.conda#e80be5318c4f0459586a034694b54e70
https://conda.anaconda.org/conda-forge/noarch/backcall-0.2.0-pyh9f0ad1d_0.tar.bz2#6006a6d08a3fa99268a2681c7fb55213
https://conda.anaconda.org/conda-forge/noarch/backports-1.0-pyhd8ed1ab_3.conda#54ca2e08b3220c148a1d8329c2678e02
https://conda.anaconda.org/conda-forge/noarch/blinker-1.6.3-pyhd8ed1ab_0.conda#d33cf7357de636cec64320f0c4fb7b6f
https://conda.anaconda.org/conda-forge/osx-arm64/brotli-python-1.0.9-py39h23fbdae_9.conda#ef4c58e8f1811e0730accf3f425e2e5f
https://conda.anaconda.org/conda-forge/noarch/cached_property-1.5.2-pyha770c72_1.tar.bz2#576d629e47797577ab0f1b351297ef4a
https://conda.anaconda.org/conda-forge/noarch/cachetools-5.3.1-pyhd8ed1ab_0.conda#60b5eb16d9a7a5482ba37f67aa49db5b
https://conda.anaconda.org/conda-forge/noarch/certifi-2023.7.22-pyhd8ed1ab_0.conda#7f3dbc9179b4dde7da98dfb151d0ad22
https://conda.anaconda.org/conda-forge/noarch/charset-normalizer-3.3.0-pyhd8ed1ab_0.conda#fef8ef5f0a54546b9efee39468229917
https://conda.anaconda.org/conda-forge/noarch/click-8.1.7-unix_pyh707e725_0.conda#f3ad426304898027fc619827ff428eca
https://conda.anaconda.org/conda-forge/noarch/colorama-0.4.6-pyhd8ed1ab_0.tar.bz2#3faab06a954c2a04039983f2c4a50d99
https://conda.anaconda.org/conda-forge/noarch/cycler-0.12.1-pyhd8ed1ab_0.conda#5cd86562580f274031ede6aa6aa24441
https://conda.anaconda.org/conda-forge/noarch/dataclasses-0.8-pyhc8e2a94_3.tar.bz2#a362b2124b06aad102e2ee4581acee7d
https://conda.anaconda.org/conda-forge/osx-arm64/debugpy-1.8.0-py39hb198ff7_1.conda#69119da204eec5434903d22a62618b5c
https://conda.anaconda.org/conda-forge/noarch/decorator-5.1.1-pyhd8ed1ab_0.tar.bz2#43afe5ab04e35e17ba28649471dd7364
https://conda.anaconda.org/conda-forge/noarch/defusedxml-0.7.1-pyhd8ed1ab_0.tar.bz2#961b3a227b437d82ad7054484cfa71b2
https://conda.anaconda.org/conda-forge/noarch/distro-1.8.0-pyhd8ed1ab_0.conda#67999c5465064480fa8016d00ac768f6
https://conda.anaconda.org/conda-forge/osx-arm64/docutils-0.19-py39h2804cbe_1.tar.bz2#509daec50d39e5f31eb2992d2248752e
https://conda.anaconda.org/conda-forge/noarch/entrypoints-0.4-pyhd8ed1ab_0.tar.bz2#3cf04868fee0a029769bd41f4b2fbf2d
https://conda.anaconda.org/conda-forge/noarch/exceptiongroup-1.1.3-pyhd8ed1ab_0.conda#e6518222753f519e911e83136d2158d9
https://conda.anaconda.org/conda-forge/noarch/executing-1.2.0-pyhd8ed1ab_0.tar.bz2#4c1bc140e2be5c8ba6e3acab99e25c50
https://conda.anaconda.org/conda-forge/noarch/filelock-3.12.4-pyhd8ed1ab_0.conda#5173d4b8267a0699a43d73231e0b6596
https://conda.anaconda.org/conda-forge/osx-arm64/frozenlist-1.4.0-py39h0f82c59_1.conda#c99be6ea61e4ab92239474db7eeae799
https://conda.anaconda.org/conda-forge/noarch/fsspec-2023.9.2-pyh1a96a4e_0.conda#9d15cd3a0e944594ab528da37dc72ecc
https://conda.anaconda.org/conda-forge/osx-arm64/greenlet-3.0.0-py39h4ce5507_1.conda#a1b405cfe95eb39b74e49ed6b9b2ee95
https://conda.anaconda.org/conda-forge/osx-arm64/grpcio-1.54.3-py39hb198ff7_0.conda#076cb3ed6721ebab7f73670d7671f15b
https://conda.anaconda.org/conda-forge/noarch/idna-3.4-pyhd8ed1ab_0.tar.bz2#34272b248891bddccc64479f9a7fffed
https://conda.anaconda.org/conda-forge/noarch/iniconfig-2.0.0-pyhd8ed1ab_0.conda#f800d2da156d08e289b14e87e43c1ae5
https://conda.anaconda.org/conda-forge/noarch/ipython_genutils-0.2.0-py_1.tar.bz2#5071c982548b3a20caf70462f04f5287
https://conda.anaconda.org/conda-forge/noarch/jmespath-1.0.1-pyhd8ed1ab_0.tar.bz2#2cfa3e1cf3fb51bb9b17acc5b5e9ea11
https://conda.anaconda.org/conda-forge/noarch/json5-0.9.14-pyhd8ed1ab_0.conda#dac1dabba2b5a9d1aee175c5fcc7b436
https://conda.anaconda.org/conda-forge/osx-arm64/jsonpointer-2.4-py39h2804cbe_3.conda#522964a5f0d509502fed024f31b5f5cd
https://conda.anaconda.org/conda-forge/noarch/jupyterlab_widgets-3.0.9-pyhd8ed1ab_0.conda#8370e0a9dc443f9b45a23fd30e7a6b3b
https://conda.anaconda.org/conda-forge/osx-arm64/kiwisolver-1.4.5-py39hbd775c9_1.conda#6a5917bf932fcaae394baaf72cc11edb
https://conda.anaconda.org/conda-forge/osx-arm64/lcms2-2.15-hf2736f0_3.conda#bbaac531169fed3e09ae31aff80aa069
https://conda.anaconda.org/conda-forge/osx-arm64/libcurl-8.4.0-h2d989ff_0.conda#afabb3372209028627ec03e206f4d967
https://conda.anaconda.org/conda-forge/osx-arm64/libopenblas-0.3.24-openmp_hd76b1f2_0.conda#aacb05989f358affe1bafd4ea7294db4
https://conda.anaconda.org/conda-forge/osx-arm64/libpq-16.0-hcea71ed_1.conda#42d504f6433024058dda89ba0e1bd2f2
https://conda.anaconda.org/conda-forge/osx-arm64/libthrift-0.18.1-ha061701_2.conda#c1a4bb91d705cc903de58a95aa35ab5b
https://repo.anaconda.com/pkgs/main/osx-arm64/llvmlite-0.41.0-py39h514c7bf_0.conda#c619d1cd2f2b09624e1789fb377b9e50
https://conda.anaconda.org/conda-forge/osx-arm64/markupsafe-2.1.3-py39h0f82c59_1.conda#38e2896c8caf4950b63389f8211763de
https://conda.anaconda.org/conda-forge/noarch/mdurl-0.1.0-pyhd8ed1ab_0.tar.bz2#f8dab71fdc13b1bf29a01248b156d268
https://conda.anaconda.org/conda-forge/noarch/mistune-3.0.1-pyhd8ed1ab_0.conda#1dad8397c94e4de97a70de552a7dcf49
https://conda.anaconda.org/conda-forge/osx-arm64/mpc-1.3.1-h91ba8db_0.conda#362af269d860ae49580f8f032a68b0df
https://conda.anaconda.org/conda-forge/noarch/mpmath-1.3.0-pyhd8ed1ab_0.conda#dbf6e2d89137da32fa6670f3bffc024e
https://conda.anaconda.org/conda-forge/osx-arm64/multidict-6.0.4-py39h02fc5c5_1.conda#a73bf93d2051be85485b381570dfd1da
https://conda.anaconda.org/conda-forge/noarch/munkres-1.1.4-pyh9f0ad1d_0.tar.bz2#2ba8498c1018c1e9c61eb99b973dfe19
https://conda.anaconda.org/conda-forge/noarch/natsort-8.4.0-pyhd8ed1ab_0.conda#70959cd1db3cf77b2a27a0836cfd08a7
https://conda.anaconda.org/conda-forge/noarch/nest-asyncio-1.5.8-pyhd8ed1ab_0.conda#a4f0e4519bc50eee4f53f689be9607f7
https://conda.anaconda.org/conda-forge/noarch/networkx-3.1-pyhd8ed1ab_0.conda#254f787d5068bc89f578bf63893ce8b4
https://conda.anaconda.org/conda-forge/osx-arm64/openjpeg-2.5.0-h4c1507b_3.conda#4127dd217a010d9c6cbefdaae07d9f19
https://conda.anaconda.org/conda-forge/noarch/packaging-23.2-pyhd8ed1ab_0.conda#79002079284aa895f883c6b7f3f88fd6
https://conda.anaconda.org/conda-forge/noarch/pandocfilters-1.5.0-pyhd8ed1ab_0.tar.bz2#457c2c8c08e54905d6954e79cb5b5db9
https://conda.anaconda.org/conda-forge/noarch/parso-0.8.3-pyhd8ed1ab_0.tar.bz2#17a565a0c3899244e938cdf417e7b094
https://conda.anaconda.org/conda-forge/noarch/pathtools-0.1.2-py_1.tar.bz2#7c9b5632c61951216374dbaa34659301
https://conda.anaconda.org/conda-forge/noarch/pickleshare-0.7.5-py_1003.tar.bz2#415f0ebb6198cc2801c73438a9fb5761
https://conda.anaconda.org/conda-forge/noarch/pkgutil-resolve-name-1.3.10-pyhd8ed1ab_1.conda#405678b942f2481cecdb3e010f4925d9
https://conda.anaconda.org/conda-forge/noarch/pluggy-1.3.0-pyhd8ed1ab_0.conda#2390bd10bed1f3fdc7a537fb5a447d8d
https://conda.anaconda.org/conda-forge/noarch/prometheus_client-0.17.1-pyhd8ed1ab_0.conda#02153b6b760bbec00cfe9e4c97993d06
https://conda.anaconda.org/conda-forge/osx-arm64/psutil-5.9.5-py39h0f82c59_1.conda#1eb70daf1eb8478c5ccccf680a2dc025
https://conda.anaconda.org/conda-forge/noarch/ptyprocess-0.7.0-pyhd3deb0d_0.tar.bz2#359eeb6536da0e687af562ed265ec263
https://conda.anaconda.org/conda-forge/noarch/pure_eval-0.2.2-pyhd8ed1ab_0.tar.bz2#6784285c7e55cb7212efabc79e4c2883
https://conda.anaconda.org/conda-forge/noarch/pyasn1-0.5.0-pyhd8ed1ab_0.conda#4b1c0db24e212190be1969b0aa490ad8
https://conda.anaconda.org/conda-forge/noarch/pycparser-2.21-pyhd8ed1ab_0.tar.bz2#076becd9e05608f8dc72757d5f3a91ff
https://conda.anaconda.org/conda-forge/noarch/pygments-2.16.1-pyhd8ed1ab_0.conda#40e5cb18165466773619e5c963f00a7b
https://conda.anaconda.org/conda-forge/noarch/pyjwt-2.8.0-pyhd8ed1ab_0.conda#912c0194f898fdb783021fd25f913c31
https://conda.anaconda.org/conda-forge/noarch/pyparsing-3.1.1-pyhd8ed1ab_0.conda#176f7d56f0cfe9008bdf1bccd7de02fb
https://conda.anaconda.org/conda-forge/osx-arm64/pyrepl-0.9.0-py39h0f82c59_8.conda#99f6cb1cb00da158e76550437981e5c2
https://conda.anaconda.org/conda-forge/noarch/pyro-api-0.1.2-pyhd8ed1ab_0.tar.bz2#cdc2e0bf1f53e89ae2c9330225c0eafd
https://conda.anaconda.org/conda-forge/noarch/pysocks-1.7.1-pyha2e5f31_6.tar.bz2#2a7de29fb590ca14b5243c4c812c8025
https://conda.anaconda.org/conda-forge/noarch/python-fastjsonschema-2.18.1-pyhd8ed1ab_0.conda#305141cff54af2f90e089d868fffce28
https://conda.anaconda.org/conda-forge/noarch/python-json-logger-2.0.7-pyhd8ed1ab_0.conda#a61bf9ec79426938ff785eb69dbb1960
https://conda.anaconda.org/conda-forge/noarch/python-tzdata-2023.3-pyhd8ed1ab_0.conda#2590495f608a63625e165915fb4e2e34
https://conda.anaconda.org/conda-forge/noarch/pytz-2023.3.post1-pyhd8ed1ab_0.conda#c93346b446cd08c169d843ae5fc0da97
https://conda.anaconda.org/conda-forge/osx-arm64/pyyaml-6.0.1-py39h0f82c59_1.conda#b4f3bbf710410751f687ac04544c12b1
https://conda.anaconda.org/conda-forge/osx-arm64/pyzmq-25.1.1-py39h1e134f0_1.conda#e996b902ba09602a166383e64824408a
https://conda.anaconda.org/conda-forge/noarch/rfc3986-validator-0.1.1-pyh9f0ad1d_0.tar.bz2#912a71cc01012ee38e6b90ddd561e36f
https://conda.anaconda.org/conda-forge/osx-arm64/rpds-py-0.10.6-py39h8fec3ad_0.conda#32166cc4b19b8cf6ed0c3c1d4ac2e8e0
https://conda.anaconda.org/conda-forge/osx-arm64/ruamel.yaml.clib-0.2.7-py39h0f82c59_2.conda#f3e2f7730c751b6ce8cf7995d1f47ebd
https://conda.anaconda.org/conda-forge/osx-arm64/setproctitle-1.3.3-py39h0f82c59_0.conda#cc6d524d72f8868a73b5d22d95e2e364
https://conda.anaconda.org/conda-forge/noarch/setuptools-68.2.2-pyhd8ed1ab_0.conda#fc2166155db840c634a1291a5c35a709
https://conda.anaconda.org/conda-forge/noarch/six-1.16.0-pyh6c4a22f_0.tar.bz2#e5f25f8dbc060e9a8d912e432202afc2
https://conda.anaconda.org/conda-forge/noarch/smmap-3.0.5-pyh44b312d_0.tar.bz2#3a8dc70789709aa315325d5df06fb7e4
https://conda.anaconda.org/conda-forge/noarch/sniffio-1.3.0-pyhd8ed1ab_0.tar.bz2#dd6cbc539e74cb1f430efbd4575b9303
https://conda.anaconda.org/conda-forge/noarch/soupsieve-2.5-pyhd8ed1ab_1.conda#3f144b2c34f8cb5a9abd9ed23a39c561
https://conda.anaconda.org/conda-forge/noarch/stdlib-list-0.8.0-pyhd8ed1ab_0.tar.bz2#dd6044fdb8a51ad246c7d3864b9fdeca
https://conda.anaconda.org/conda-forge/noarch/texttable-1.7.0-pyhd8ed1ab_0.conda#aaadd85d5ca8f8d69a3147857bf4708d
https://conda.anaconda.org/conda-forge/noarch/threadpoolctl-3.2.0-pyha21a80b_0.conda#978d03388b62173b8e6f79162cf52b86
https://conda.anaconda.org/conda-forge/noarch/tomli-2.0.1-pyhd8ed1ab_0.tar.bz2#5844808ffab9ebdb694585b50ba02a96
https://conda.anaconda.org/conda-forge/osx-arm64/tornado-6.3.3-py39h0f82c59_1.conda#6e7376dbfbe98b5537bfc9a1b8cf1e41
https://conda.anaconda.org/conda-forge/noarch/traitlets-5.11.2-pyhd8ed1ab_0.conda#bd3f90f7551e1cffb1f402880eb2cef1
https://conda.anaconda.org/conda-forge/noarch/types-dataclasses-0.6.6-pyhd8ed1ab_0.tar.bz2#412debe56f6d8f0d729ba15667f8a425
https://conda.anaconda.org/conda-forge/noarch/types-python-dateutil-2.8.19.14-pyhd8ed1ab_0.conda#4df15c51a543e806d439490b862be1c6
https://conda.anaconda.org/conda-forge/noarch/typing_extensions-4.8.0-pyha770c72_0.conda#5b1be40a26d10a06f6d4f1f9e19fa0c7
https://conda.anaconda.org/conda-forge/noarch/typing_utils-0.1.0-pyhd8ed1ab_0.tar.bz2#eb67e3cace64c66233e2d35949e20f92
https://conda.anaconda.org/conda-forge/osx-arm64/unicodedata2-15.1.0-py39h0f82c59_0.conda#39c745ba9443da902afa7f5a9e9dfcac
https://conda.anaconda.org/conda-forge/noarch/uri-template-1.3.0-pyhd8ed1ab_0.conda#0944dc65cb4a9b5b68522c3bb585d41c
https://conda.anaconda.org/conda-forge/noarch/webcolors-1.13-pyhd8ed1ab_0.conda#166212fe82dad8735550030488a01d03
https://conda.anaconda.org/conda-forge/noarch/webencodings-0.5.1-pyhd8ed1ab_2.conda#daf5160ff9cde3a468556965329085b9
https://conda.anaconda.org/conda-forge/noarch/websocket-client-1.6.4-pyhd8ed1ab_0.conda#bdb77b28cf16deac0eef431a068320e8
https://conda.anaconda.org/conda-forge/noarch/wheel-0.41.2-pyhd8ed1ab_0.conda#1ccd092478b3e0ee10d7a891adbf8a4f
https://conda.anaconda.org/conda-forge/noarch/widgetsnbextension-4.0.9-pyhd8ed1ab_0.conda#82617d07b2f5f5a96296d3c19684b37a
https://conda.anaconda.org/conda-forge/osx-arm64/wrapt-1.15.0-py39h0f82c59_1.conda#341576022f511ab8400d81afb0ebb1a4
https://conda.anaconda.org/conda-forge/noarch/zipp-3.17.0-pyhd8ed1ab_0.conda#2e4d6bc0b14e10f895fc6791a7d9b26a
https://conda.anaconda.org/conda-forge/noarch/aioitertools-0.11.0-pyhd8ed1ab_0.tar.bz2#59c40397276a286241c65faec5e1be3c
https://conda.anaconda.org/conda-forge/noarch/aiosignal-1.3.1-pyhd8ed1ab_0.tar.bz2#d1e1eb7e21a9e2c74279d87dafb68156
https://conda.anaconda.org/conda-forge/noarch/anyio-4.0.0-pyhd8ed1ab_0.conda#3c4e99d3ae4ec033d4dd99fb5220e540
https://conda.anaconda.org/conda-forge/noarch/asttokens-2.4.0-pyhd8ed1ab_0.conda#056f04e51dd63337e8d7c425c18c86f1
https://conda.anaconda.org/conda-forge/noarch/async-lru-2.0.4-pyhd8ed1ab_0.conda#3d081de3a6ea9f894bbb585e8e3a4dcb
https://conda.anaconda.org/conda-forge/osx-arm64/aws-c-event-stream-0.2.20-heb79caa_6.conda#c1e8dbb4ea0832d4e5a5fc3a46db4dd5
https://conda.anaconda.org/conda-forge/osx-arm64/aws-c-http-0.7.7-h5140e40_3.conda#b8c39ae50ac4843d360dd1424b9da243
https://conda.anaconda.org/conda-forge/noarch/babel-2.13.0-pyhd8ed1ab_0.conda#22541af7a9eb59fc6afcadb7ecdf9219
https://conda.anaconda.org/conda-forge/noarch/backports.functools_lru_cache-1.6.5-pyhd8ed1ab_0.conda#6b1b907661838a75d067a22f87996b2e
https://conda.anaconda.org/conda-forge/noarch/beautifulsoup4-4.12.2-pyha770c72_0.conda#a362ff7d976217f8fa78c0f1c4f59717
https://conda.anaconda.org/conda-forge/noarch/bleach-6.1.0-pyhd8ed1ab_0.conda#0ed9d7c0e9afa7c025807a9a8136ea3e
https://conda.anaconda.org/conda-forge/noarch/cached-property-1.5.2-hd8ed1ab_1.tar.bz2#9b347a7ec10940d3f7941ff6c460b551
https://conda.anaconda.org/conda-forge/osx-arm64/cffi-1.16.0-py39he153c15_0.conda#2be3a21503b84cbd74dd1c11f36c4a3c
https://conda.anaconda.org/conda-forge/noarch/comm-0.1.4-pyhd8ed1ab_0.conda#c8eaca39e2b6abae1fc96acc929ae939
https://conda.anaconda.org/conda-forge/noarch/docker-pycreds-0.4.0-py_0.tar.bz2#c69f19038efee4eb534623610d0c2053
https://conda.anaconda.org/conda-forge/osx-arm64/fancycompleter-0.9.1-py39h2804cbe_1006.conda#930664df97f8685e2f359162e29f360f
https://conda.anaconda.org/conda-forge/osx-arm64/fonttools-4.43.1-py39h17cfd9d_0.conda#509032003f262619582452bd663e75db
https://conda.anaconda.org/conda-forge/noarch/gitdb-4.0.10-pyhd8ed1ab_0.conda#3706d2f3d7cb5dae600c833345a76132
https://conda.anaconda.org/conda-forge/osx-arm64/gmpy2-2.1.2-py39h0b4f9c6_1.tar.bz2#3b2112b0ed20ffbc93021b5aef9c7f30
https://conda.anaconda.org/conda-forge/osx-arm64/hdf5-1.14.2-nompi_h3aba7b3_100.conda#842c5b010b219058098ebfe5aa5891b9
https://conda.anaconda.org/conda-forge/noarch/importlib-metadata-6.8.0-pyha770c72_0.conda#4e9f59a060c3be52bc4ddc46ee9b6946
https://conda.anaconda.org/conda-forge/noarch/importlib_resources-6.1.0-pyhd8ed1ab_0.conda#48b0d98e0c0ec810d3ccc2a0926c8c0e
https://conda.anaconda.org/conda-forge/noarch/jedi-0.19.1-pyhd8ed1ab_0.conda#81a3be0b2023e1ea8555781f0ad904a2
https://conda.anaconda.org/conda-forge/noarch/jinja2-3.1.2-pyhd8ed1ab_1.tar.bz2#c8490ed5c70966d232fdd389d0dbed37
https://conda.anaconda.org/conda-forge/noarch/joblib-1.3.2-pyhd8ed1ab_0.conda#4da50d410f553db77e62ab62ffaa1abc
https://conda.anaconda.org/conda-forge/noarch/jupyterlab_pygments-0.2.2-pyhd8ed1ab_0.tar.bz2#243f63592c8e449f40cd42eb5cf32f40
https://conda.anaconda.org/conda-forge/osx-arm64/libblas-3.9.0-18_osxarm64_openblas.conda#928d0c0b57e342a8629f5f5e001ee0d0
https://conda.anaconda.org/conda-forge/osx-arm64/libgoogle-cloud-2.10.1-he22f4c0_1.conda#6f3cac37296e140bd390591b23575f77
https://conda.anaconda.org/conda-forge/noarch/lightning-utilities-0.9.0-pyhd8ed1ab_0.conda#c71f7ec8b80a536e58b979299b230251
https://conda.anaconda.org/conda-forge/noarch/markdown-it-py-3.0.0-pyhd8ed1ab_0.conda#93a8e71256479c62074356ef6ebf501b
https://conda.anaconda.org/conda-forge/noarch/matplotlib-inline-0.1.6-pyhd8ed1ab_0.tar.bz2#b21613793fcc81d944c76c9f2864a7de
https://conda.anaconda.org/conda-forge/noarch/overrides-7.4.0-pyhd8ed1ab_0.conda#4625b7b01d7f4ac9c96300a5515acfaa
https://conda.anaconda.org/conda-forge/noarch/pexpect-4.8.0-pyh1a96a4e_2.tar.bz2#330448ce4403cc74990ac07c555942a1
https://conda.anaconda.org/conda-forge/osx-arm64/pillow-10.0.1-py39h90af52a_2.conda#f47b5a8be0135a522ab91e43698e03ef
https://conda.anaconda.org/conda-forge/noarch/pip-23.2.1-pyhd8ed1ab_0.conda#e2783aa3f9235225eec92f9081c5b801
https://conda.anaconda.org/conda-forge/osx-arm64/protobuf-4.21.12-py39h23fbdae_0.conda#0b221c03b2823acffb6365b8cc31e887
https://conda.anaconda.org/conda-forge/osx-arm64/psycopg-c-3.1.12-py39h154ce8c_1.conda#801218dc831f0600f96617ae69270eea
https://conda.anaconda.org/conda-forge/noarch/pyasn1-modules-0.3.0-pyhd8ed1ab_0.conda#26db749166cdca55e5ef1ffdc7767d0e
https://conda.anaconda.org/conda-forge/osx-arm64/pyobjc-core-10.0-py39h4d1a642_0.conda#b43580f935baa5ff17efa249372eaa8c
https://conda.anaconda.org/conda-forge/noarch/pytest-7.4.2-pyhd8ed1ab_0.conda#6dd662ff5ac9a783e5c940ce9f3fe649
https://conda.anaconda.org/conda-forge/noarch/python-dateutil-2.8.2-pyhd8ed1ab_0.tar.bz2#dd999d1cc9f79e67dbb855c8924c7984
https://conda.anaconda.org/conda-forge/noarch/pyu2f-0.1.5-pyhd8ed1ab_0.tar.bz2#caabbeaa83928d0c3e3949261daa18eb
https://conda.anaconda.org/conda-forge/noarch/qtpy-2.4.0-pyhd8ed1ab_0.conda#a4c1fc5f8ef46ec8130defcaa2d322ea
https://conda.anaconda.org/conda-forge/noarch/referencing-0.30.2-pyhd8ed1ab_0.conda#a33161b983172ba6ef69d5fc850650cd
https://conda.anaconda.org/conda-forge/noarch/rfc3339-validator-0.1.4-pyhd8ed1ab_0.tar.bz2#fed45fc5ea0813240707998abe49f520
https://conda.anaconda.org/conda-forge/noarch/rsa-4.9-pyhd8ed1ab_0.tar.bz2#03bf410858b2cefc267316408a77c436
https://conda.anaconda.org/conda-forge/osx-arm64/ruamel.yaml-0.17.21-py39h02fc5c5_3.conda#f68d7074c0a0043d8ecd31c67d3254a5
https://conda.anaconda.org/conda-forge/noarch/session-info-1.0.0-pyhd8ed1ab_0.tar.bz2#4fef7ecb219e639abbc58abe9258d78b
https://conda.anaconda.org/conda-forge/noarch/terminado-0.17.1-pyhd1c38e8_0.conda#046120b71d8896cb7faef78bfdbfee1e
https://conda.anaconda.org/conda-forge/noarch/tinycss2-1.2.1-pyhd8ed1ab_0.tar.bz2#7234c9eefff659501cd2fe0d2ede4d48
https://conda.anaconda.org/conda-forge/noarch/tqdm-4.66.1-pyhd8ed1ab_0.conda#03c97908b976498dcae97eb4e4f3149c
https://conda.anaconda.org/conda-forge/noarch/typing-extensions-4.8.0-hd8ed1ab_0.conda#384462e63262a527bda564fa2d9126c0
https://conda.anaconda.org/conda-forge/noarch/urllib3-1.26.17-pyhd8ed1ab_0.conda#3b94800e11804555e40971c97fd3e801
https://conda.anaconda.org/conda-forge/osx-arm64/yarl-1.9.2-py39h17cfd9d_1.conda#84f160b1c1be42096cc7a5a98a591b3c
https://conda.anaconda.org/conda-forge/osx-arm64/argon2-cffi-bindings-21.2.0-py39h0f82c59_4.conda#d9a4812f8124406d841a869d55a96d50
https://conda.anaconda.org/conda-forge/noarch/arrow-1.3.0-pyhd8ed1ab_0.conda#b77d8c2313158e6e461ca0efb1c2c508
https://conda.anaconda.org/conda-forge/noarch/async-timeout-4.0.3-pyhd8ed1ab_0.conda#3ce482ec3066e6d809dbbb1d1679f215
https://conda.anaconda.org/conda-forge/osx-arm64/aws-c-auth-0.6.26-h0c2019c_6.conda#71c3b9ab371b77d9cf4d714eb10c5c5a
https://conda.anaconda.org/conda-forge/osx-arm64/aws-c-mqtt-0.8.6-h34492a6_15.conda#65d632945d7d470b60af060b32156cc5
https://conda.anaconda.org/conda-forge/noarch/botocore-1.31.17-pyhd8ed1ab_3.conda#929cb539ebd6d4b569646a2ba72f875f
https://conda.anaconda.org/conda-forge/osx-arm64/cryptography-40.0.1-py39he2a39a8_0.conda#ea7e06143ef637c41eae19c1eba9204c
https://conda.anaconda.org/conda-forge/noarch/fqdn-1.5.1-pyhd8ed1ab_0.tar.bz2#642d35437078749ef23a5dca2c9bb1f3
https://conda.anaconda.org/conda-forge/noarch/gitpython-3.1.37-pyhd8ed1ab_0.conda#8b94c329190fa6814f412adf2ab0f0a2
https://conda.anaconda.org/conda-forge/osx-arm64/google-crc32c-1.1.2-py39hb0a979e_5.conda#f7cba7a86dc980f9aa9b7ee7b0cbe7cc
https://conda.anaconda.org/conda-forge/noarch/googleapis-common-protos-1.61.0-pyhd8ed1ab_0.conda#f315d7fdc1905dcc2e18a1c7bed22fa9
https://conda.anaconda.org/conda-forge/noarch/importlib-resources-6.1.0-pyhd8ed1ab_0.conda#6a62c2cc25376a0d050b3d1d221c3ee9
https://conda.anaconda.org/conda-forge/noarch/importlib_metadata-6.8.0-hd8ed1ab_0.conda#b279b07ce18058034e5b3606ba103a8b
https://conda.anaconda.org/conda-forge/noarch/jsonschema-specifications-2023.7.1-pyhd8ed1ab_0.conda#7c27ea1bdbe520bb830dcadd59f55cbf
https://conda.anaconda.org/conda-forge/noarch/jupyter_server_terminals-0.4.4-pyhd8ed1ab_1.conda#7c0965e1d4a0ee1529e8eaa03a78a5b3
https://conda.anaconda.org/conda-forge/osx-arm64/libcblas-3.9.0-18_osxarm64_openblas.conda#ee0108105d7181f1c6f8c4269883ff3b
https://conda.anaconda.org/conda-forge/osx-arm64/liblapack-3.9.0-18_osxarm64_openblas.conda#92cd5c16ed732ac6c439145aa21ec7c5
https://conda.anaconda.org/conda-forge/noarch/mako-1.2.4-pyhd8ed1ab_0.tar.bz2#0d072f0edc017b6318dbab701e053f94
https://conda.anaconda.org/conda-forge/noarch/platformdirs-3.11.0-pyhd8ed1ab_0.conda#8f567c0a74aa44cf732f15773b4083b0
https://conda.anaconda.org/conda-forge/osx-arm64/psycopg-3.1.12-py39ha86e70a_1.conda#d192b100206a58c50c24eed9fca34245
https://conda.anaconda.org/conda-forge/osx-arm64/pyobjc-framework-cocoa-10.0-py39h4d1a642_1.conda#75df2ac716a9c2d1bbd17113959538e4
https://conda.anaconda.org/conda-forge/noarch/requests-2.31.0-pyhd8ed1ab_0.conda#a30144e4156cdbb236f99ebb49828f8b
https://conda.anaconda.org/conda-forge/noarch/rich-13.6.0-pyhd8ed1ab_0.conda#3ca4829f40710f581ca1d76bc907e99f
https://conda.anaconda.org/conda-forge/noarch/sentry-sdk-1.32.0-pyhd8ed1ab_0.conda#4bd2fa6f724b0fe8330dc1ba653dc1e9
https://conda.anaconda.org/conda-forge/osx-arm64/sqlalchemy-2.0.22-py39h17cfd9d_0.conda#247e4532e8e9c3641d040dbb32daea94
https://conda.anaconda.org/conda-forge/noarch/stack_data-0.6.2-pyhd8ed1ab_0.conda#e7df0fdd404616638df5ece6e69ba7af
https://conda.anaconda.org/conda-forge/noarch/sympy-1.12-pypyh9d50eac_103.conda#2f7d6347d7acf6edf1ac7f2189f44c8f
https://conda.anaconda.org/conda-forge/noarch/wcwidth-0.2.8-pyhd8ed1ab_0.conda#367386d2575a0e62412448eda1012efd
https://conda.anaconda.org/conda-forge/osx-arm64/aiohttp-3.8.6-py39h17cfd9d_1.conda#9bf6e7657858761ffd72e78a081de84e
https://conda.anaconda.org/conda-forge/noarch/alembic-1.12.0-pyhd8ed1ab_0.conda#ba29026b587195548ef82444518061f7
https://conda.anaconda.org/conda-forge/noarch/argon2-cffi-23.1.0-pyhd8ed1ab_0.conda#3afef1f55a1366b4d3b6a0d92e2235e4
https://conda.anaconda.org/conda-forge/osx-arm64/arpack-3.8.0-nompi_ha3438d0_101.tar.bz2#d935e37c345fc0082ba2b46b7498a7da
https://conda.anaconda.org/conda-forge/osx-arm64/aws-c-s3-0.2.8-h28047f4_4.conda#f411657e1e3b421264a80fcb1a555be4
https://conda.anaconda.org/conda-forge/noarch/google-resumable-media-2.6.0-pyhd8ed1ab_0.conda#74fd9d08866e60fc412abc8dd7c5486c
https://conda.anaconda.org/conda-forge/noarch/isoduration-20.11.0-pyhd8ed1ab_0.tar.bz2#4cb68948e0b8429534380243d063a27a
https://conda.anaconda.org/conda-forge/noarch/jsonschema-4.19.1-pyhd8ed1ab_0.conda#78aff5d2af74e6537c1ca73017f01f4f
https://conda.anaconda.org/conda-forge/osx-arm64/jupyter_core-5.4.0-py39h2804cbe_0.conda#1a01c56342bfccf3ac846a656358772e
https://conda.anaconda.org/conda-forge/osx-arm64/numpy-1.25.2-py39h485cf63_0.conda#a527723557a4da0320a18375bae7e756
https://conda.anaconda.org/conda-forge/noarch/oauthlib-3.2.2-pyhd8ed1ab_0.tar.bz2#8f882b197fd9c4941a787926baea4868
https://conda.anaconda.org/conda-forge/noarch/prompt-toolkit-3.0.38-pyha770c72_0.conda#59ba1bf8ea558751a0d391249a248765
https://conda.anaconda.org/conda-forge/noarch/pyopenssl-23.1.1-pyhd8ed1ab_0.conda#0b34aa3ab7e7ccb1765a03dd9ed29938
https://conda.anaconda.org/pytorch/osx-arm64/pytorch-2.1.0-py3.9_0.tar.bz2#9ac400ca3f368f0f8258353c4679dee2
https://conda.anaconda.org/conda-forge/noarch/s3transfer-0.6.2-pyhd8ed1ab_0.conda#f57096b122c78f7d8bd6885f52db1077
https://conda.anaconda.org/conda-forge/noarch/send2trash-1.8.2-pyhd1c38e8_0.conda#2657c3de5371c571aef6678afb4aaadd
https://conda.anaconda.org/conda-forge/noarch/textual-0.37.1-pyhd8ed1ab_0.conda#24501241ee9b815c778ec910fae2152f
https://conda.anaconda.org/conda-forge/noarch/wandb-0.15.12-pyhd8ed1ab_0.conda#fa93cd3b1f3311ddd07df0a393e18c19
https://conda.anaconda.org/conda-forge/noarch/aiobotocore-2.5.4-pyhd8ed1ab_0.conda#8baace08a73a2481104903cfc9875ecd
https://conda.anaconda.org/conda-forge/osx-arm64/aws-crt-cpp-0.20.1-h1ca6c90_0.conda#eddc54ce68bc67250f310744a47d08cb
https://conda.anaconda.org/conda-forge/osx-arm64/awscrt-0.16.16-py39h7c87e56_5.conda#78d75711b3718c7390152267fe235a98
https://conda.anaconda.org/conda-forge/noarch/boto3-1.28.17-pyhd8ed1ab_0.conda#56024afda15a361ec88b07e99205726e
https://conda.anaconda.org/conda-forge/osx-arm64/contourpy-1.1.1-py39hbd775c9_1.conda#2154d0403ce000bc7cc5ca22146f68c0
https://conda.anaconda.org/conda-forge/noarch/google-auth-2.23.3-pyhca7485f_0.conda#79faaf9cd0e5114c19253552d8d92872
https://conda.anaconda.org/conda-forge/osx-arm64/h5py-3.10.0-nompi_py39haa70198_100.conda#ddff96f63bf07d1328d43a2c9798f67b
https://conda.anaconda.org/conda-forge/osx-arm64/igraph-0.10.7-he56d5cf_1.conda#d7f380a93f6a1c79d66c1e9a33d4e1ce
https://conda.anaconda.org/conda-forge/noarch/jsonschema-with-format-nongpl-4.19.1-pyhd8ed1ab_0.conda#daca0665e6fe8a376e48b9f0b5865326
https://conda.anaconda.org/conda-forge/noarch/jupyter_client-8.4.0-pyhd8ed1ab_0.conda#554496685357ab0d69676cab8e8fb594
https://conda.anaconda.org/conda-forge/noarch/nbformat-5.9.2-pyhd8ed1ab_0.conda#61ba076de6530d9301a0053b02f093d2
https://repo.anaconda.com/pkgs/main/osx-arm64/numba-0.58.0-py39h46d7db6_0.conda#a29ad1688b52c0be1a21b2eb3f7b38a3
https://conda.anaconda.org/conda-forge/noarch/opt_einsum-3.3.0-pyhc1e730c_2.conda#7a94ac68b892daa9f17ae8a52b31ed81
https://conda.anaconda.org/conda-forge/osx-arm64/pandas-2.1.1-py39h425d09f_1.conda#f25d16a9a0b22e483cec54788191a06c
https://conda.anaconda.org/conda-forge/noarch/prompt_toolkit-3.0.38-hd8ed1ab_0.conda#45b74f64d8808eda7e6f6e6b1d641fd2
https://conda.anaconda.org/conda-forge/osx-arm64/python-igraph-0.11.2-py39h64b2e74_0.conda#b386b7ed91ca05e550a432b46d43f6d5
https://conda.anaconda.org/conda-forge/noarch/requests-oauthlib-1.3.1-pyhd8ed1ab_0.tar.bz2#61b279f051eef9c89d58f4d813e75e04
https://conda.anaconda.org/conda-forge/osx-arm64/scipy-1.11.3-py39h89ddb1b_1.conda#e20825002abd7593104f69f255201274
https://conda.anaconda.org/conda-forge/noarch/torchmetrics-1.2.0-pyhd8ed1ab_0.conda#e8ab9fbd0174c2f1392c38d848c53956
https://conda.anaconda.org/conda-forge/noarch/anndata-0.10.2-pyhd8ed1ab_0.conda#972ce426a03c0296aaf9c87204bf7a8c
https://conda.anaconda.org/conda-forge/osx-arm64/aws-sdk-cpp-1.10.57-ha2d740e_11.conda#bbd037f14dfb5d52e739a36faa9f41ac
https://conda.anaconda.org/conda-forge/osx-arm64/awscli-2.13.26-py39h2804cbe_0.conda#6dde874eed96e457b180bc350642d7db
https://conda.anaconda.org/conda-forge/noarch/google-api-core-2.12.0-pyhd8ed1ab_0.conda#f978eac45a312816fffd61eb65f5ed0e
https://conda.anaconda.org/conda-forge/noarch/google-auth-oauthlib-1.1.0-pyhd8ed1ab_0.conda#ffa1e2fd52bc00ec0fc5680a2f4bd167
https://conda.anaconda.org/conda-forge/noarch/ipython-8.16.1-pyh31c8845_0.conda#531bac092414642fdead7a511357485a
https://conda.anaconda.org/conda-forge/noarch/jupyter_events-0.7.0-pyhd8ed1ab_2.conda#088f0493279a7f7eebd514df47d65851
https://conda.anaconda.org/conda-forge/osx-arm64/libleidenalg-0.11.1-h1995070_0.conda#96347e448b8385cf1c39f1816a2f1b20
https://conda.anaconda.org/conda-forge/osx-arm64/matplotlib-base-3.8.0-py39h1a09f3e_2.conda#2d6cbfd82ebca8cdb55a9b32859537eb
https://conda.anaconda.org/conda-forge/noarch/nbclient-0.8.0-pyhd8ed1ab_0.conda#e78da91cf428faaf05701ce8cc8f2f9b
https://conda.anaconda.org/conda-forge/noarch/patsy-0.5.3-pyhd8ed1ab_0.tar.bz2#50ef6b29b1fb0768ca82c5aeb4fb2d96
https://conda.anaconda.org/conda-forge/noarch/pyro-ppl-1.8.6-pyhd8ed1ab_0.conda#ac3f29dcb7589c8a588c62fa767d2c04
https://conda.anaconda.org/conda-forge/noarch/pytorch-lightning-2.1.0-pyhd8ed1ab_0.conda#2049b36b43c74d1878443b18526a0bbd
https://conda.anaconda.org/conda-forge/noarch/s3fs-2023.9.2-pyhd8ed1ab_0.conda#d115889d17f724b17892beb836684bd9
https://conda.anaconda.org/conda-forge/osx-arm64/scikit-learn-1.3.1-py39h172c841_1.conda#66344b431d98ae5280adf554dc970307
https://conda.anaconda.org/conda-forge/noarch/google-cloud-core-2.3.3-pyhd8ed1ab_0.conda#a26b1fa8555cc1d2f0f7ff9985303e66
https://conda.anaconda.org/conda-forge/noarch/ipykernel-6.25.2-pyh1050b4e_0.conda#a643e6f6c33ed821664f2a69f6e4e89f
https://conda.anaconda.org/conda-forge/noarch/ipywidgets-8.1.1-pyhd8ed1ab_0.conda#2605fae5ee27100e5f10037baebf4d41
https://conda.anaconda.org/conda-forge/osx-arm64/leidenalg-0.10.1-py39hb198ff7_0.conda#868358220ed32c004e9d2e294f5f68f9
https://conda.anaconda.org/conda-forge/osx-arm64/libarrow-12.0.0-hff97baf_2_cpu.conda#a1c56f01f9a0d65c2cd42a8a4e3ecb5c
https://conda.anaconda.org/conda-forge/noarch/nbconvert-core-7.9.2-pyhd8ed1ab_0.conda#01e4314c780ca73759c694ce3ece281f
https://conda.anaconda.org/conda-forge/noarch/pynndescent-0.5.10-pyh1a96a4e_0.conda#69de534d7ed82365525f398be03ca647
https://conda.anaconda.org/conda-forge/noarch/seaborn-base-0.13.0-pyhd8ed1ab_0.conda#082666331726b2438986cfe33ae9a8ee
https://conda.anaconda.org/conda-forge/osx-arm64/statsmodels-0.14.0-py39h373d45f_2.conda#c0d46077bb7f111e0b775f4e35d62484
https://conda.anaconda.org/conda-forge/noarch/google-cloud-storage-2.12.0-pyhca7485f_0.conda#fea9a0827d3285450ea0c4d4b78b2664
https://conda.anaconda.org/conda-forge/noarch/jupyter_console-6.6.3-pyhd8ed1ab_0.conda#7cf6f52a66f8e3cd9d8b6c231262dcab
https://conda.anaconda.org/conda-forge/noarch/jupyter_server-2.7.3-pyhd8ed1ab_1.conda#0123f934221b023ddc7443e85cac9023
https://conda.anaconda.org/conda-forge/noarch/nbconvert-pandoc-7.9.2-pyhd8ed1ab_0.conda#1ad46253f2eb46fb8c9b2c22b7ca012f
https://conda.anaconda.org/conda-forge/osx-arm64/pyarrow-12.0.0-py39ha0e5d75_2_cpu.conda#fefec173d2a715e25d70de77c2b0dc4e
https://conda.anaconda.org/conda-forge/noarch/qtconsole-base-5.4.4-pyha770c72_0.conda#08961a76f2a4e2ebdb9b56f451beaa45
https://conda.anaconda.org/conda-forge/noarch/seaborn-0.13.0-hd8ed1ab_0.conda#ebd31a95a7008b7e164dad9dbbb5bb5a
https://conda.anaconda.org/conda-forge/osx-arm64/umap-learn-0.5.4-py39h2804cbe_0.conda#3826194e4afc7d8b13c1ea161d9486cb
https://conda.anaconda.org/conda-forge/noarch/gcsfs-2023.9.2-pyhd8ed1ab_0.conda#c9deedf93585c3d5ce5525a89bf7287e
https://conda.anaconda.org/conda-forge/noarch/jupyter-lsp-2.2.0-pyhd8ed1ab_0.conda#38589f4104d11f2a59ff01a9f4e3bfb3
https://conda.anaconda.org/conda-forge/noarch/jupyterlab_server-2.25.0-pyhd8ed1ab_0.conda#a52834fa7e3d12abc5efdf06b2097a05
https://conda.anaconda.org/conda-forge/noarch/nbconvert-7.9.2-pyhd8ed1ab_0.conda#16ccaddfcfa0a1a606a9ecf6a52d6c11
https://conda.anaconda.org/conda-forge/noarch/notebook-shim-0.2.3-pyhd8ed1ab_0.conda#67e0fe74c156267d9159e9133df7fd37
https://conda.anaconda.org/conda-forge/noarch/scanpy-1.9.5-pyhd8ed1ab_0.conda#bec065204b62e0d11a5a4d618cbf18cf
https://conda.anaconda.org/conda-forge/noarch/jupyterlab-4.0.7-pyhd8ed1ab_0.conda#80318d83f33b3bf4e57b8533b7a6691d
https://conda.anaconda.org/conda-forge/noarch/redun-0.16.2-pyhd8ed1ab_0.conda#d3fe6370e2a7350f6f89e7ee2cb2ae14
https://conda.anaconda.org/conda-forge/noarch/notebook-7.0.5-pyhd8ed1ab_0.conda#4806e0488b2e073312141f90022eb6ae
https://conda.anaconda.org/conda-forge/noarch/jupyter-1.0.0-pyhd8ed1ab_10.conda#056b8cc3d9b03f54fc49e6d70d7dc359
